
Microsoft Visual Studio Solution File, Format Version 12.00
# Visual Studio 2013
Project("{FAE04EC0-301F-11D3-BF4B-00C04F79EFBC}") = "TestPrj.CSharp", "TestPrj.CSharp.csproj", "{2B0DCD94-FE50-CAF9-B43C-7CE81762330B}"
EndProject
Project("{FAE04EC0-301F-11D3-BF4B-00C04F79EFBC}") = "TestApp", "TestApp\TestApp.csproj", "{F61E4C46-78BE-412C-A7AF-A75C74271601}"
EndProject
Global
	GlobalSection(SolutionConfigurationPlatforms) = preSolution
		Debug|Any CPU = Debug|Any CPU
		Release|Any CPU = Release|Any CPU
	EndGlobalSection
	GlobalSection(ProjectConfigurationPlatforms) = postSolution
		{2B0DCD94-FE50-CAF9-B43C-7CE81762330B}.Debug|Any CPU.ActiveCfg = Debug|Any CPU
		{2B0DCD94-FE50-CAF9-B43C-7CE81762330B}.Debug|Any CPU.Build.0 = Debug|Any CPU
		{2B0DCD94-FE50-CAF9-B43C-7CE81762330B}.Release|Any CPU.ActiveCfg = Release|Any CPU
		{2B0DCD94-FE50-CAF9-B43C-7CE81762330B}.Release|Any CPU.Build.0 = Release|Any CPU
		{F61E4C46-78BE-412C-A7AF-A75C74271601}.Debug|Any CPU.ActiveCfg = Debug|Any CPU
		{F61E4C46-78BE-412C-A7AF-A75C74271601}.Debug|Any CPU.Build.0 = Debug|Any CPU
		{F61E4C46-78BE-412C-A7AF-A75C74271601}.Release|Any CPU.ActiveCfg = Release|Any CPU
		{F61E4C46-78BE-412C-A7AF-A75C74271601}.Release|Any CPU.Build.0 = Release|Any CPU
	EndGlobalSection
	GlobalSection(SolutionProperties) = preSolution
		HideSolutionNode = FALSE
	EndGlobalSection
EndGlobal
